# This file is automatically @generated by Cargo.
# It is not intended for manual editing.
version = 4

[[package]]
name = "lintcite"
version = "0.1.0"
dependencies = [
 "lintcite-core",
 "lintcite-data",
 "lintcite-host",
]

[[package]]
name = "lintcite-cli"
version = "0.1.0"
dependencies = [
 "lintcite",
]

[[package]]
name = "lintcite-core"
version = "0.1.0"
dependencies = [
 "lintcite-data",
]

[[package]]
name = "lintcite-data"
version = "0.1.0"

[[package]]
name = "lintcite-host"
version = "0.1.0"
dependencies = [
 "lintcite-core",
]

[[package]]
name = "lintcite-lsp"
version = "0.1.0"
dependencies = [
 "lintcite",
]
