# This file is automatically @generated by Cargo.
# It is not intended for manual editing.
version = 4

[[package]]
name = "cite-lint"
version = "0.1.0"
dependencies = [
 "cite-lint-core",
 "cite-lint-data",
 "cite-lint-host",
]

[[package]]
name = "cite-lint-cli"
version = "0.1.0"
dependencies = [
 "cite-lint",
]

[[package]]
name = "cite-lint-core"
version = "0.1.0"
dependencies = [
 "cite-lint-data",
]

[[package]]
name = "cite-lint-data"
version = "0.1.0"

[[package]]
name = "cite-lint-host"
version = "0.1.0"
dependencies = [
 "cite-lint-core",
]

[[package]]
name = "cite-lint-lsp"
version = "0.1.0"
dependencies = [
 "cite-lint",
]
